PODS:
  - ProgressHUD (13.7.2)
  - SideMenu (6.5.0)

DEPENDENCIES:
  - ProgressHUD
  - SideMenu

SPEC REPOS:
  trunk:
    - ProgressHUD
    - SideMenu

SPEC CHECKSUMS:
  ProgressHUD: 093d24ca970f191744017bee2649e37d0cd1c5b9
  SideMenu: f583187d21c5b1dd04c72002be544b555a2627a2

PODFILE CHECKSUM: e379f3d4eaa3f107abe70ece03c369b13e3137aa

COCOAPODS: 1.14.3
